// !$*UTF8*$!
{
	archiveVersion = 1;
	classes = {
	};
	objectVersion = 50;
	objects = {

/* Begin PBXBuildFile section */
		500FBC5E2574E12500DB8098 /* CommandRunner.swift in Sources */ = {isa = PBXBuildFile; fileRef = 500FBC5D2574E12500DB8098 /* CommandRunner.swift */; };
		500FBC612574E22100DB8098 /* Command.swift in Sources */ = {isa = PBXBuildFile; fileRef = 500FBC602574E22100DB8098 /* Command.swift */; };
		500FBC642574E30100DB8098 /* KillXcode.command in Resources */ = {isa = PBXBuildFile; fileRef = 500FBC632574E30100DB8098 /* KillXcode.command */; };
		500FBC692574E41900DB8098 /* ClearDerivedData.command in Resources */ = {isa = PBXBuildFile; fileRef = 500FBC672574E41900DB8098 /* ClearDerivedData.command */; };
		500FBC6C2574E45D00DB8098 /* OpenXcode.command in Resources */ = {isa = PBXBuildFile; fileRef = 500FBC6B2574E45D00DB8098 /* OpenXcode.command */; };
		504A20912574E7BF005FEEBE /* LogStart.command in Resources */ = {isa = PBXBuildFile; fileRef = 504A208F2574E7BF005FEEBE /* LogStart.command */; };
		504A20922574E7BF005FEEBE /* LogEnd.command in Resources */ = {isa = PBXBuildFile; fileRef = 504A20902574E7BF005FEEBE /* LogEnd.command */; };
		50781EF3256D89B90010864E /* AppRunnerAppDelegate.swift in Sources */ = {isa = PBXBuildFile; fileRef = 50781EF2256D89B90010864E /* AppRunnerAppDelegate.swift */; };
		50781EF7256D8FAC0010864E /* MainView.swift in Sources */ = {isa = PBXBuildFile; fileRef = 50781EF6256D8FAC0010864E /* MainView.swift */; };
		50781EFC256D99DE0010864E /* RunScript.command in Resources */ = {isa = PBXBuildFile; fileRef = 50781EFB256D99DE0010864E /* RunScript.command */; };
		50AF3064256D7E0100AC431E /* Assets.xcassets in Resources */ = {isa = PBXBuildFile; fileRef = 50AF3063256D7E0100AC431E /* Assets.xcassets */; };
		50AF3067256D7E0100AC431E /* Preview Assets.xcassets in Resources */ = {isa = PBXBuildFile; fileRef = 50AF3066256D7E0100AC431E /* Preview Assets.xcassets */; };
		50AF306A256D7E0100AC431E /* Main.storyboard in Resources */ = {isa = PBXBuildFile; fileRef = 50AF3068256D7E0100AC431E /* Main.storyboard */; };
/* End PBXBuildFile section */

/* Begin PBXFileReference section */
		500FBC5D2574E12500DB8098 /* CommandRunner.swift */ = {isa = PBXFileReference; lastKnownFileType = sourcecode.swift; path = CommandRunner.swift; sourceTree = "<group>"; };
		500FBC602574E22100DB8098 /* Command.swift */ = {isa = PBXFileReference; lastKnownFileType = sourcecode.swift; path = Command.swift; sourceTree = "<group>"; };
		500FBC632574E30100DB8098 /* KillXcode.command */ = {isa = PBXFileReference; fileEncoding = 4; lastKnownFileType = text.script.sh; path = KillXcode.command; sourceTree = "<group>"; };
		500FBC672574E41900DB8098 /* ClearDerivedData.command */ = {isa = PBXFileReference; fileEncoding = 4; lastKnownFileType = text.script.sh; path = ClearDerivedData.command; sourceTree = "<group>"; };
		500FBC6B2574E45D00DB8098 /* OpenXcode.command */ = {isa = PBXFileReference; fileEncoding = 4; lastKnownFileType = text.script.sh; path = OpenXcode.command; sourceTree = "<group>"; };
		504A208F2574E7BF005FEEBE /* LogStart.command */ = {isa = PBXFileReference; fileEncoding = 4; lastKnownFileType = text.script.sh; path = LogStart.command; sourceTree = "<group>"; };
		504A20902574E7BF005FEEBE /* LogEnd.command */ = {isa = PBXFileReference; fileEncoding = 4; lastKnownFileType = text.script.sh; path = LogEnd.command; sourceTree = "<group>"; };
		50781EF2256D89B90010864E /* AppRunnerAppDelegate.swift */ = {isa = PBXFileReference; lastKnownFileType = sourcecode.swift; path = AppRunnerAppDelegate.swift; sourceTree = "<group>"; };
		50781EF6256D8FAC0010864E /* MainView.swift */ = {isa = PBXFileReference; lastKnownFileType = sourcecode.swift; path = MainView.swift; sourceTree = "<group>"; };
		50781EFB256D99DE0010864E /* RunScript.command */ = {isa = PBXFileReference; fileEncoding = 4; lastKnownFileType = text.script.sh; path = RunScript.command; sourceTree = "<group>"; };
		50AF305C256D7E0100AC431E /* AppRunner.app */ = {isa = PBXFileReference; explicitFileType = wrapper.application; includeInIndex = 0; path = AppRunner.app; sourceTree = BUILT_PRODUCTS_DIR; };
		50AF3063256D7E0100AC431E /* Assets.xcassets */ = {isa = PBXFileReference; lastKnownFileType = folder.assetcatalog; path = Assets.xcassets; sourceTree = "<group>"; };
		50AF3066256D7E0100AC431E /* Preview Assets.xcassets */ = {isa = PBXFileReference; lastKnownFileType = folder.assetcatalog; path = "Preview Assets.xcassets"; sourceTree = "<group>"; };
		50AF3069256D7E0100AC431E /* Base */ = {isa = PBXFileReference; lastKnownFileType = file.storyboard; name = Base; path = Base.lproj/Main.storyboard; sourceTree = "<group>"; };
		50AF306B256D7E0100AC431E /* Info.plist */ = {isa = PBXFileReference; lastKnownFileType = text.plist.xml; path = Info.plist; sourceTree = "<group>"; };
		50AF306C256D7E0100AC431E /* AppRunner.entitlements */ = {isa = PBXFileReference; lastKnownFileType = text.plist.entitlements; path = AppRunner.entitlements; sourceTree = "<group>"; };
/* End PBXFileReference section */

/* Begin PBXFrameworksBuildPhase section */
		50AF3059256D7E0100AC431E /* Frameworks */ = {
			isa = PBXFrameworksBuildPhase;
			buildActionMask = 2147483647;
			files = (
			);
			runOnlyForDeploymentPostprocessing = 0;
		};
/* End PBXFrameworksBuildPhase section */

/* Begin PBXGroup section */
		50AF3053256D7E0100AC431E = {
			isa = PBXGroup;
			children = (
				50AF305E256D7E0100AC431E /* AppRunner */,
				50AF305D256D7E0100AC431E /* Products */,
			);
			sourceTree = "<group>";
		};
		50AF305D256D7E0100AC431E /* Products */ = {
			isa = PBXGroup;
			children = (
				50AF305C256D7E0100AC431E /* AppRunner.app */,
			);
			name = Products;
			sourceTree = "<group>";
		};
		50AF305E256D7E0100AC431E /* AppRunner */ = {
			isa = PBXGroup;
			children = (
				504A20902574E7BF005FEEBE /* LogEnd.command */,
				504A208F2574E7BF005FEEBE /* LogStart.command */,
				500FBC672574E41900DB8098 /* ClearDerivedData.command */,
				500FBC632574E30100DB8098 /* KillXcode.command */,
				500FBC6B2574E45D00DB8098 /* OpenXcode.command */,
				50781EFB256D99DE0010864E /* RunScript.command */,
				50781EF2256D89B90010864E /* AppRunnerAppDelegate.swift */,
				50781EF6256D8FAC0010864E /* MainView.swift */,
				500FBC5D2574E12500DB8098 /* CommandRunner.swift */,
				500FBC602574E22100DB8098 /* Command.swift */,
				50AF3063256D7E0100AC431E /* Assets.xcassets */,
				50AF3068256D7E0100AC431E /* Main.storyboard */,
				50AF306B256D7E0100AC431E /* Info.plist */,
				50AF306C256D7E0100AC431E /* AppRunner.entitlements */,
				50AF3065256D7E0100AC431E /* Preview Content */,
			);
			path = AppRunner;
			sourceTree = "<group>";
		};
		50AF3065256D7E0100AC431E /* Preview Content */ = {
			isa = PBXGroup;
			children = (
				50AF3066256D7E0100AC431E /* Preview Assets.xcassets */,
			);
			path = "Preview Content";
			sourceTree = "<group>";
		};
/* End PBXGroup section */

/* Begin PBXNativeTarget section */
		50AF305B256D7E0100AC431E /* AppRunner */ = {
			isa = PBXNativeTarget;
			buildConfigurationList = 50AF306F256D7E0100AC431E /* Build configuration list for PBXNativeTarget "AppRunner" */;
			buildPhases = (
				50AF3058256D7E0100AC431E /* Sources */,
				50AF3059256D7E0100AC431E /* Frameworks */,
				50AF305A256D7E0100AC431E /* Resources */,
			);
			buildRules = (
			);
			dependencies = (
			);
			name = AppRunner;
			productName = AppRunner;
			productReference = 50AF305C256D7E0100AC431E /* AppRunner.app */;
			productType = "com.apple.product-type.application";
		};
/* End PBXNativeTarget section */

/* Begin PBXProject section */
		50AF3054256D7E0100AC431E /* Project object */ = {
			isa = PBXProject;
			attributes = {
				LastSwiftUpdateCheck = 1210;
				LastUpgradeCheck = 1210;
				ORGANIZATIONNAME = "Yurii Boiko";
				TargetAttributes = {
					50AF305B256D7E0100AC431E = {
						CreatedOnToolsVersion = 12.1;
					};
				};
			};
			buildConfigurationList = 50AF3057256D7E0100AC431E /* Build configuration list for PBXProject "AppRunner" */;
			compatibilityVersion = "Xcode 9.3";
			developmentRegion = en;
			hasScannedForEncodings = 0;
			knownRegions = (
				en,
				Base,
			);
			mainGroup = 50AF3053256D7E0100AC431E;
			productRefGroup = 50AF305D256D7E0100AC431E /* Products */;
			projectDirPath = "";
			projectRoot = "";
			targets = (
				50AF305B256D7E0100AC431E /* AppRunner */,
			);
		};
/* End PBXProject section */

/* Begin PBXResourcesBuildPhase section */
		50AF305A256D7E0100AC431E /* Resources */ = {
			isa = PBXResourcesBuildPhase;
			buildActionMask = 2147483647;
			files = (
				50781EFC256D99DE0010864E /* RunScript.command in Resources */,
				50AF306A256D7E0100AC431E /* Main.storyboard in Resources */,
				50AF3067256D7E0100AC431E /* Preview Assets.xcassets in Resources */,
				504A20922574E7BF005FEEBE /* LogEnd.command in Resources */,
				50AF3064256D7E0100AC431E /* Assets.xcassets in Resources */,
				500FBC642574E30100DB8098 /* KillXcode.command in Resources */,
				504A20912574E7BF005FEEBE /* LogStart.command in Resources */,
				500FBC6C2574E45D00DB8098 /* OpenXcode.command in Resources */,
				500FBC692574E41900DB8098 /* ClearDerivedData.command in Resources */,
			);
			runOnlyForDeploymentPostprocessing = 0;
		};
/* End PBXResourcesBuildPhase section */

/* Begin PBXSourcesBuildPhase section */
		50AF3058256D7E0100AC431E /* Sources */ = {
			isa = PBXSourcesBuildPhase;
			buildActionMask = 2147483647;
			files = (
				50781EF3256D89B90010864E /* AppRunnerAppDelegate.swift in Sources */,
				500FBC5E2574E12500DB8098 /* CommandRunner.swift in Sources */,
				50781EF7256D8FAC0010864E /* MainView.swift in Sources */,
				500FBC612574E22100DB8098 /* Command.swift in Sources */,
			);
			runOnlyForDeploymentPostprocessing = 0;
		};
/* End PBXSourcesBuildPhase section */

/* Begin PBXVariantGroup section */
		50AF3068256D7E0100AC431E /* Main.storyboard */ = {
			isa = PBXVariantGroup;
			children = (
				50AF3069256D7E0100AC431E /* Base */,
			);
			name = Main.storyboard;
			sourceTree = "<group>";
		};
/* End PBXVariantGroup section */

/* Begin XCBuildConfiguration section */
		50AF306D256D7E0100AC431E /* Debug */ = {
			isa = XCBuildConfiguration;
			buildSettings = {
				ALWAYS_SEARCH_USER_PATHS = NO;
				CLANG_ANALYZER_NONNULL = YES;
				CLANG_ANALYZER_NUMBER_OBJECT_CONVERSION = YES_AGGRESSIVE;
				CLANG_CXX_LANGUAGE_STANDARD = "gnu++14";
				CLANG_CXX_LIBRARY = "libc++";
				CLANG_ENABLE_MODULES = YES;
				CLANG_ENABLE_OBJC_ARC = YES;
				CLANG_ENABLE_OBJC_WEAK = YES;
				CLANG_WARN_BLOCK_CAPTURE_AUTORELEASING = YES;
				CLANG_WARN_BOOL_CONVERSION = YES;
				CLANG_WARN_COMMA = YES;
				CLANG_WARN_CONSTANT_CONVERSION = YES;
				CLANG_WARN_DEPRECATED_OBJC_IMPLEMENTATIONS = YES;
				CLANG_WARN_DIRECT_OBJC_ISA_USAGE = YES_ERROR;
				CLANG_WARN_DOCUMENTATION_COMMENTS = YES;
				CLANG_WARN_EMPTY_BODY = YES;
				CLANG_WARN_ENUM_CONVERSION = YES;
				CLANG_WARN_INFINITE_RECURSION = YES;
				CLANG_WARN_INT_CONVERSION = YES;
				CLANG_WARN_NON_LITERAL_NULL_CONVERSION = YES;
				CLANG_WARN_OBJC_IMPLICIT_RETAIN_SELF = YES;
				CLANG_WARN_OBJC_LITERAL_CONVERSION = YES;
				CLANG_WARN_OBJC_ROOT_CLASS = YES_ERROR;
				CLANG_WARN_QUOTED_INCLUDE_IN_FRAMEWORK_HEADER = YES;
				CLANG_WARN_RANGE_LOOP_ANALYSIS = YES;
				CLANG_WARN_STRICT_PROTOTYPES = YES;
				CLANG_WARN_SUSPICIOUS_MOVE = YES;
				CLANG_WARN_UNGUARDED_AVAILABILITY = YES_AGGRESSIVE;
				CLANG_WARN_UNREACHABLE_CODE = YES;
				CLANG_WARN__DUPLICATE_METHOD_MATCH = YES;
				COPY_PHASE_STRIP = NO;
				DEBUG_INFORMATION_FORMAT = dwarf;
				ENABLE_STRICT_OBJC_MSGSEND = YES;
				ENABLE_TESTABILITY = YES;
				GCC_C_LANGUAGE_STANDARD = gnu11;
				GCC_DYNAMIC_NO_PIC = NO;
				GCC_NO_COMMON_BLOCKS = YES;
				GCC_OPTIMIZATION_LEVEL = 0;
				GCC_PREPROCESSOR_DEFINITIONS = (
					"DEBUG=1",
					"$(inherited)",
				);
				GCC_WARN_64_TO_32_BIT_CONVERSION = YES;
				GCC_WARN_ABOUT_RETURN_TYPE = YES_ERROR;
				GCC_WARN_UNDECLARED_SELECTOR = YES;
				GCC_WARN_UNINITIALIZED_AUTOS = YES_AGGRESSIVE;
				GCC_WARN_UNUSED_FUNCTION = YES;
				GCC_WARN_UNUSED_VARIABLE = YES;
				MACOSX_DEPLOYMENT_TARGET = 10.15;
				MTL_ENABLE_DEBUG_INFO = INCLUDE_SOURCE;
				MTL_FAST_MATH = YES;
				ONLY_ACTIVE_ARCH = YES;
				SDKROOT = macosx;
				SWIFT_ACTIVE_COMPILATION_CONDITIONS = DEBUG;
				SWIFT_OPTIMIZATION_LEVEL = "-Onone";
			};
			name = Debug;
		};
		50AF306E256D7E0100AC431E /* Release */ = {
			isa = XCBuildConfiguration;
			buildSettings = {
				ALWAYS_SEARCH_USER_PATHS = NO;
				CLANG_ANALYZER_NONNULL = YES;
				CLANG_ANALYZER_NUMBER_OBJECT_CONVERSION = YES_AGGRESSIVE;
				CLANG_CXX_LANGUAGE_STANDARD = "gnu++14";
				CLANG_CXX_LIBRARY = "libc++";
				CLANG_ENABLE_MODULES = YES;
				CLANG_ENABLE_OBJC_ARC = YES;
				CLANG_ENABLE_OBJC_WEAK = YES;
				CLANG_WARN_BLOCK_CAPTURE_AUTORELEASING = YES;
				CLANG_WARN_BOOL_CONVERSION = YES;
				CLANG_WARN_COMMA = YES;
				CLANG_WARN_CONSTANT_CONVERSION = YES;
				CLANG_WARN_DEPRECATED_OBJC_IMPLEMENTATIONS = YES;
				CLANG_WARN_DIRECT_OBJC_ISA_USAGE = YES_ERROR;
				CLANG_WARN_DOCUMENTATION_COMMENTS = YES;
				CLANG_WARN_EMPTY_BODY = YES;
				CLANG_WARN_ENUM_CONVERSION = YES;
				CLANG_WARN_INFINITE_RECURSION = YES;
				CLANG_WARN_INT_CONVERSION = YES;
				CLANG_WARN_NON_LITERAL_NULL_CONVERSION = YES;
				CLANG_WARN_OBJC_IMPLICIT_RETAIN_SELF = YES;
				CLANG_WARN_OBJC_LITERAL_CONVERSION = YES;
				CLANG_WARN_OBJC_ROOT_CLASS = YES_ERROR;
				CLANG_WARN_QUOTED_INCLUDE_IN_FRAMEWORK_HEADER = YES;
				CLANG_WARN_RANGE_LOOP_ANALYSIS = YES;
				CLANG_WARN_STRICT_PROTOTYPES = YES;
				CLANG_WARN_SUSPICIOUS_MOVE = YES;
				CLANG_WARN_UNGUARDED_AVAILABILITY = YES_AGGRESSIVE;
				CLANG_WARN_UNREACHABLE_CODE = YES;
				CLANG_WARN__DUPLICATE_METHOD_MATCH = YES;
				COPY_PHASE_STRIP = NO;
				DEBUG_INFORMATION_FORMAT = "dwarf-with-dsym";
				ENABLE_NS_ASSERTIONS = NO;
				ENABLE_STRICT_OBJC_MSGSEND = YES;
				GCC_C_LANGUAGE_STANDARD = gnu11;
				GCC_NO_COMMON_BLOCKS = YES;
				GCC_WARN_64_TO_32_BIT_CONVERSION = YES;
				GCC_WARN_ABOUT_RETURN_TYPE = YES_ERROR;
				GCC_WARN_UNDECLARED_SELECTOR = YES;
				GCC_WARN_UNINITIALIZED_AUTOS = YES_AGGRESSIVE;
				GCC_WARN_UNUSED_FUNCTION = YES;
				GCC_WARN_UNUSED_VARIABLE = YES;
				MACOSX_DEPLOYMENT_TARGET = 10.15;
				MTL_ENABLE_DEBUG_INFO = NO;
				MTL_FAST_MATH = YES;
				SDKROOT = macosx;
				SWIFT_COMPILATION_MODE = wholemodule;
				SWIFT_OPTIMIZATION_LEVEL = "-O";
			};
			name = Release;
		};
		50AF3070256D7E0100AC431E /* Debug */ = {
			isa = XCBuildConfiguration;
			buildSettings = {
				ASSETCATALOG_COMPILER_APPICON_NAME = AppIcon;
				ASSETCATALOG_COMPILER_GLOBAL_ACCENT_COLOR_NAME = AccentColor;
				CODE_SIGN_ENTITLEMENTS = AppRunner/AppRunner.entitlements;
				CODE_SIGN_STYLE = Automatic;
				COMBINE_HIDPI_IMAGES = YES;
				DEVELOPMENT_ASSET_PATHS = "\"AppRunner/Preview Content\"";
				DEVELOPMENT_TEAM = 9GXW8252L9;
				ENABLE_HARDENED_RUNTIME = YES;
				ENABLE_PREVIEWS = YES;
				INFOPLIST_FILE = AppRunner/Info.plist;
				LD_RUNPATH_SEARCH_PATHS = (
					"$(inherited)",
					"@executable_path/../Frameworks",
				);
				MACOSX_DEPLOYMENT_TARGET = 10.15;
				PRODUCT_BUNDLE_IDENTIFIER = com.yurrssoft.AppRunner;
				PRODUCT_NAME = "$(TARGET_NAME)";
				SWIFT_VERSION = 5.0;
			};
			name = Debug;
		};
		50AF3071256D7E0100AC431E /* Release */ = {
			isa = XCBuildConfiguration;
			buildSettings = {
				ASSETCATALOG_COMPILER_APPICON_NAME = AppIcon;
				ASSETCATALOG_COMPILER_GLOBAL_ACCENT_COLOR_NAME = AccentColor;
				CODE_SIGN_ENTITLEMENTS = AppRunner/AppRunner.entitlements;
				CODE_SIGN_STYLE = Automatic;
				COMBINE_HIDPI_IMAGES = YES;
				DEVELOPMENT_ASSET_PATHS = "\"AppRunner/Preview Content\"";
				DEVELOPMENT_TEAM = 9GXW8252L9;
				ENABLE_HARDENED_RUNTIME = YES;
				ENABLE_PREVIEWS = YES;
				INFOPLIST_FILE = AppRunner/Info.plist;
				LD_RUNPATH_SEARCH_PATHS = (
					"$(inherited)",
					"@executable_path/../Frameworks",
				);
				MACOSX_DEPLOYMENT_TARGET = 10.15;
				PRODUCT_BUNDLE_IDENTIFIER = com.yurrssoft.AppRunner;
				PRODUCT_NAME = "$(TARGET_NAME)";
				SWIFT_VERSION = 5.0;
			};
			name = Release;
		};
/* End XCBuildConfiguration section */

/* Begin XCConfigurationList section */
		50AF3057256D7E0100AC431E /* Build configuration list for PBXProject "AppRunner" */ = {
			isa = XCConfigurationList;
			buildConfigurations = (
				50AF306D256D7E0100AC431E /* Debug */,
				50AF306E256D7E0100AC431E /* Release */,
			);
			defaultConfigurationIsVisible = 0;
			defaultConfigurationName = Release;
		};
		50AF306F256D7E0100AC431E /* Build configuration list for PBXNativeTarget "AppRunner" */ = {
			isa = XCConfigurationList;
			buildConfigurations = (
				50AF3070256D7E0100AC431E /* Debug */,
				50AF3071256D7E0100AC431E /* Release */,
			);
			defaultConfigurationIsVisible = 0;
			defaultConfigurationName = Release;
		};
/* End XCConfigurationList section */
	};
	rootObject = 50AF3054256D7E0100AC431E /* Project object */;
}
